
Microsoft Visual Studio Solution File, Format Version 12.00
# Visual Studio Version 16
VisualStudioVersion = 16.0.31205.134
MinimumVisualStudioVersion = 10.0.40219.1
Project("{9A19103F-16F7-4668-BE54-9A1E7A4F7556}") = "Dutch", "DutchTreat\Dutch.csproj", "{EFA02192-C1D0-4D68-8B78-8028001FD3AA}"
EndProject
Global
	GlobalSection(SolutionConfigurationPlatforms) = preSolution
		Debug|Any CPU = Debug|Any CPU
		Release|Any CPU = Release|Any CPU
	EndGlobalSection
	GlobalSection(ProjectConfigurationPlatforms) = postSolution
		{EFA02192-C1D0-4D68-8B78-8028001FD3AA}.Debug|Any CPU.ActiveCfg = Debug|Any CPU
		{EFA02192-C1D0-4D68-8B78-8028001FD3AA}.Debug|Any CPU.Build.0 = Debug|Any CPU
		{EFA02192-C1D0-4D68-8B78-8028001FD3AA}.Release|Any CPU.ActiveCfg = Release|Any CPU
		{EFA02192-C1D0-4D68-8B78-8028001FD3AA}.Release|Any CPU.Build.0 = Release|Any CPU
	EndGlobalSection
	GlobalSection(SolutionProperties) = preSolution
		HideSolutionNode = FALSE
	EndGlobalSection
	GlobalSection(ExtensibilityGlobals) = postSolution
		SolutionGuid = {B9EDD038-B92A-48B4-A2BC-882C3ED5C41C}
	EndGlobalSection
EndGlobal
